
Microsoft Visual Studio Solution File, Format Version 12.00
# Visual Studio Version 17
VisualStudioVersion = 17.9.34616.47
MinimumVisualStudioVersion = 10.0.40219.1
Project("{FAE04EC0-301F-11D3-BF4B-00C04F79EFBC}") = "JsonToXml", "JsonToXml.csproj", "{B21EDA1A-115B-4071-8D62-2E82C49D2A38}"
EndProject
Global
	GlobalSection(SolutionConfigurationPlatforms) = preSolution
		Debug|Any CPU = Debug|Any CPU
		Release|Any CPU = Release|Any CPU
	EndGlobalSection
	GlobalSection(ProjectConfigurationPlatforms) = postSolution
		{B21EDA1A-115B-4071-8D62-2E82C49D2A38}.Debug|Any CPU.ActiveCfg = Debug|Any CPU
		{B21EDA1A-115B-4071-8D62-2E82C49D2A38}.Debug|Any CPU.Build.0 = Debug|Any CPU
		{B21EDA1A-115B-4071-8D62-2E82C49D2A38}.Release|Any CPU.ActiveCfg = Release|Any CPU
		{B21EDA1A-115B-4071-8D62-2E82C49D2A38}.Release|Any CPU.Build.0 = Release|Any CPU
	EndGlobalSection
	GlobalSection(SolutionProperties) = preSolution
		HideSolutionNode = FALSE
	EndGlobalSection
	GlobalSection(ExtensibilityGlobals) = postSolution
		SolutionGuid = {F14B7043-C9E5-4684-8245-53D5203AC0D9}
	EndGlobalSection
EndGlobal
