
Microsoft Visual Studio Solution File, Format Version 12.00
# Visual Studio Version 17
VisualStudioVersion = 17.8.34525.116
MinimumVisualStudioVersion = 10.0.40219.1
Project("{FAE04EC0-301F-11D3-BF4B-00C04F79EFBC}") = "Calculator", "Calculator.csproj", "{02F2954B-6171-4B1B-BA19-A06A01116C4C}"
EndProject
Global
	GlobalSection(SolutionConfigurationPlatforms) = preSolution
		Debug|Any CPU = Debug|Any CPU
		Release|Any CPU = Release|Any CPU
	EndGlobalSection
	GlobalSection(ProjectConfigurationPlatforms) = postSolution
		{02F2954B-6171-4B1B-BA19-A06A01116C4C}.Debug|Any CPU.ActiveCfg = Debug|Any CPU
		{02F2954B-6171-4B1B-BA19-A06A01116C4C}.Debug|Any CPU.Build.0 = Debug|Any CPU
		{02F2954B-6171-4B1B-BA19-A06A01116C4C}.Release|Any CPU.ActiveCfg = Release|Any CPU
		{02F2954B-6171-4B1B-BA19-A06A01116C4C}.Release|Any CPU.Build.0 = Release|Any CPU
	EndGlobalSection
	GlobalSection(SolutionProperties) = preSolution
		HideSolutionNode = FALSE
	EndGlobalSection
	GlobalSection(ExtensibilityGlobals) = postSolution
		SolutionGuid = {DFB390BB-AFA0-4F47-8C9D-2AC650394BA3}
	EndGlobalSection
EndGlobal
