
Microsoft Visual Studio Solution File, Format Version 12.00
# Visual Studio Version 17
VisualStudioVersion = 17.8.34525.116
MinimumVisualStudioVersion = 10.0.40219.1
Project("{FAE04EC0-301F-11D3-BF4B-00C04F79EFBC}") = "FamilyTree", "FamilyTree.csproj", "{9086FC3A-2EC2-4BBE-88F4-F8C0A87536A2}"
EndProject
Global
	GlobalSection(SolutionConfigurationPlatforms) = preSolution
		Debug|Any CPU = Debug|Any CPU
		Release|Any CPU = Release|Any CPU
	EndGlobalSection
	GlobalSection(ProjectConfigurationPlatforms) = postSolution
		{9086FC3A-2EC2-4BBE-88F4-F8C0A87536A2}.Debug|Any CPU.ActiveCfg = Debug|Any CPU
		{9086FC3A-2EC2-4BBE-88F4-F8C0A87536A2}.Debug|Any CPU.Build.0 = Debug|Any CPU
		{9086FC3A-2EC2-4BBE-88F4-F8C0A87536A2}.Release|Any CPU.ActiveCfg = Release|Any CPU
		{9086FC3A-2EC2-4BBE-88F4-F8C0A87536A2}.Release|Any CPU.Build.0 = Release|Any CPU
	EndGlobalSection
	GlobalSection(SolutionProperties) = preSolution
		HideSolutionNode = FALSE
	EndGlobalSection
	GlobalSection(ExtensibilityGlobals) = postSolution
		SolutionGuid = {9E5EB33C-7EF6-4651-BFF5-AD41E5C67101}
	EndGlobalSection
EndGlobal
